# THIS IS AN AUTOGENERATED FILE. DO NOT EDIT THIS FILE DIRECTLY.
# yarn lockfile v1


ansi-styles@^3.2.1:
  version "3.2.1"
  resolved "https://registry.yarnpkg.com/ansi-styles/-/ansi-styles-3.2.1.tgz#41fbb20243e50b12be0f04b8dedbf07520ce841d"
  integrity sha512-VT0ZI6kZRdTh8YyJw3SMbYm/u+NqfsAxEpWO0Pf9sq8/e94WxxOpPKx9FR1FlyCtOVDNOQ+8ntlqFxiRc+r5qA==
  dependencies:
    color-convert "^1.9.0"

chalk@2.4.2:
  version "2.4.2"
  resolved "https://registry.yarnpkg.com/chalk/-/chalk-2.4.2.tgz#cd42541677a54333cf541a49108c1432b44c9424"
  integrity sha512-Mti+f9lpJNcwF4tWV8/OrTTtF1gZi+f8FqlyAdouralcFWFQWF2+NgCHShjkCb+IFBLq9buZwE1xckQU4peSuQ==
  dependencies:
    ansi-styles "^3.2.1"
    escape-string-regexp "^1.0.5"
    supports-color "^5.3.0"

color-convert@^1.9.0:
  version "1.9.3"
  resolved "https://registry.yarnpkg.com/color-convert/-/color-convert-1.9.3.tgz#bb71850690e1f136567de629d2d5471deda4c1e8"
  integrity sha512-QfAUtd+vFdAtFQcC8CCyYt1fYWxSqAiK2cSD6zDB8N3cpsEBAvRxp9zOGg6G/SHHJYAT88/az/IuDGALsNVbGg==
  dependencies:
    color-name "1.1.3"

color-name@1.1.3:
  version "1.1.3"
  resolved "https://registry.yarnpkg.com/color-name/-/color-name-1.1.3.tgz#a7d0558bd89c42f795dd42328f740831ca53bc25"
  integrity sha1-p9BVi9icQveV3UIyj3QIMcpTvCU=

commander@^9.4.0:
  version "9.4.0"
  resolved "https://registry.yarnpkg.com/commander/-/commander-9.4.0.tgz#bc4a40918fefe52e22450c111ecd6b7acce6f11c"
  integrity sha512-sRPT+umqkz90UA8M1yqYfnHlZA7fF6nSphDtxeywPZ49ysjxDQybzk13CL+mXekDRG92skbcqCLVovuCusNmFw==

de-indent@^1.0.2:
  version "1.0.2"
  resolved "https://registry.yarnpkg.com/de-indent/-/de-indent-1.0.2.tgz#b2038e846dc33baa5796128d0804b455b8c1e21d"
  integrity sha512-e/1zu3xH5MQryN2zdVaF0OrdNLUbvWxzMbi+iNA6Bky7l1RoP8a2fIbRocyHclXt/arDrrR6lL3TqFD9pMQTsg==

escape-string-regexp@^1.0.5:
  version "1.0.5"
  resolved "https://registry.yarnpkg.com/escape-string-regexp/-/escape-string-regexp-1.0.5.tgz#1b61c0562190a8dff6ae3bb2cf0200ca130b86d4"
  integrity sha1-G2HAViGQqN/2rjuyzwIAyhMLhtQ=

esm@^3.2.25:
  version "3.2.25"
  resolved "https://registry.yarnpkg.com/esm/-/esm-3.2.25.tgz#342c18c29d56157688ba5ce31f8431fbb795cc10"
  integrity sha512-U1suiZ2oDVWv4zPO56S0NcR5QriEahGtdN2OR6FiOG4WJvcjBVFB0qI4+eKoWFH483PKGuLuu6V8Z4T5g63UVA==

has-flag@^3.0.0:
  version "3.0.0"
  resolved "https://registry.yarnpkg.com/has-flag/-/has-flag-3.0.0.tgz#b5d454dc2199ae225699f3467e5a07f3b955bafd"
  integrity sha1-tdRU3CGZriJWmfNGfloH87lVuv0=

he@^1.2.0:
  version "1.2.0"
  resolved "https://registry.yarnpkg.com/he/-/he-1.2.0.tgz#84ae65fa7eafb165fddb61566ae14baf05664f0f"
  integrity sha512-F/1DnUGPopORZi0ni+CvrCgHQ5FyEAHRLSApuYWMmrbSwoN2Mn/7k+Gl38gJnR7yyDZk6WLXwiGod1JOWNDKGw==

lodash.chunk@^4.2.0:
  version "4.2.0"
  resolved "https://registry.yarnpkg.com/lodash.chunk/-/lodash.chunk-4.2.0.tgz#66e5ce1f76ed27b4303d8c6512e8d1216e8106bc"
  integrity sha1-ZuXOH3btJ7QwPYxlEujRIW6BBrw=

lodash.defaultsdeep@4.6.1:
  version "4.6.1"
  resolved "https://registry.yarnpkg.com/lodash.defaultsdeep/-/lodash.defaultsdeep-4.6.1.tgz#512e9bd721d272d94e3d3a63653fa17516741ca6"
  integrity sha512-3j8wdDzYuWO3lM3Reg03MuQR957t287Rpcxp1njpEa8oDrikb+FwGdW3n+FELh/A6qib6yPit0j/pv9G/yeAqA==

lodash.findindex@4.6.0:
  version "4.6.0"
  resolved "https://registry.yarnpkg.com/lodash.findindex/-/lodash.findindex-4.6.0.tgz#a3245dee61fb9b6e0624b535125624bb69c11106"
  integrity sha1-oyRd7mH7m24GJLU1ElYku2nBEQY=

lodash.isempty@4.4.0:
  version "4.4.0"
  resolved "https://registry.yarnpkg.com/lodash.isempty/-/lodash.isempty-4.4.0.tgz#6f86cbedd8be4ec987be9aaf33c9684db1b31e7e"
  integrity sha1-b4bL7di+TsmHvpqvM8loTbGzHn4=

lodash.padstart@^4.6.1:
  version "4.6.1"
  resolved "https://registry.yarnpkg.com/lodash.padstart/-/lodash.padstart-4.6.1.tgz#d2e3eebff0d9d39ad50f5cbd1b52a7bce6bb611b"
  integrity sha1-0uPuv/DZ05rVD1y9G1KnvOa7YRs=

lodash.sortby@^4.7.0:
  version "4.7.0"
  resolved "https://registry.yarnpkg.com/lodash.sortby/-/lodash.sortby-4.7.0.tgz#edd14c824e2cc9c1e0b0a1b42bb5210516a42438"
  integrity sha1-7dFMgk4sycHgsKG0K7UhBRakJDg=

lodash.trimend@^4.5.1:
  version "4.5.1"
  resolved "https://registry.yarnpkg.com/lodash.trimend/-/lodash.trimend-4.5.1.tgz#12804437286b98cad8996b79414e11300114082f"
  integrity sha1-EoBENyhrmMrYmWt5QU4RMAEUCC8=

lodash.trimstart@^4.5.1:
  version "4.5.1"
  resolved "https://registry.yarnpkg.com/lodash.trimstart/-/lodash.trimstart-4.5.1.tgz#8ff4dec532d82486af59573c39445914e944a7f1"
  integrity sha1-j/TexTLYJIavWVc8OURZFOlEp/E=

punycode@^2.1.0:
  version "2.1.1"
  resolved "https://registry.yarnpkg.com/punycode/-/punycode-2.1.1.tgz#b58b010ac40c22c5657616c8d2c2c02c7bf479ec"
  integrity sha512-XRsRjdf+j5ml+y/6GKHPZbrF/8p2Yga0JPtdqTIY2Xe5ohJPD9saDJJLPvp9+NSBprVvevdXZybnj2cv8OEd0A==

remove-markdown@0.3.0:
  version "0.3.0"
  resolved "https://registry.yarnpkg.com/remove-markdown/-/remove-markdown-0.3.0.tgz#5e4b667493a93579728f3d52ecc1db9ca505dc98"
  integrity sha1-XktmdJOpNXlyjz1S7MHbnKUF3Jg=

sitemap@^3.0.0:
  version "3.2.2"
  resolved "https://registry.yarnpkg.com/sitemap/-/sitemap-3.2.2.tgz#3f77c358fa97b555c879e457098e39910095c62b"
  integrity sha512-TModL/WU4m2q/mQcrDgNANn0P4LwprM9MMvG4hu5zP4c6IIKs2YLTu6nXXnNr8ODW/WFtxKggiJ1EGn2W0GNmg==
  dependencies:
    lodash.chunk "^4.2.0"
    lodash.padstart "^4.6.1"
    whatwg-url "^7.0.0"
    xmlbuilder "^13.0.0"

striptags@3.1.1:
  version "3.1.1"
  resolved "https://registry.yarnpkg.com/striptags/-/striptags-3.1.1.tgz#c8c3e7fdd6fb4bb3a32a3b752e5b5e3e38093ebd"
  integrity sha1-yMPn/db7S7OjKjt1LltePjgJPr0=

supports-color@^5.3.0:
  version "5.5.0"
  resolved "https://registry.yarnpkg.com/supports-color/-/supports-color-5.5.0.tgz#e2e69a44ac8772f78a1ec0b35b689df6530efc8f"
  integrity sha512-QjVjwdXIt408MIiAqCX4oUKsgU2EqAGzs2Ppkm4aQYbjm+ZEWEcW4SfFNTr4uMNZma0ey4f5lgLrkB0aX0QMow==
  dependencies:
    has-flag "^3.0.0"

tr46@^1.0.1:
  version "1.0.1"
  resolved "https://registry.yarnpkg.com/tr46/-/tr46-1.0.1.tgz#a8b13fd6bfd2489519674ccde55ba3693b706d09"
  integrity sha1-qLE/1r/SSJUZZ0zN5VujaTtwbQk=
  dependencies:
    punycode "^2.1.0"

vue-template-compiler@^2.7.7:
  version "2.7.7"
  resolved "https://registry.yarnpkg.com/vue-template-compiler/-/vue-template-compiler-2.7.7.tgz#9ac85dc50216d01fb5e2fb16b6c3f5ed11b4b104"
  integrity sha512-vxOsjWhvDPyMW7QwXPecNmTNwKyXiF+j4KjBFjDxYPuY0xvqCT5o9WrapVItR/Nrh0XThfBaL19kXFSNYtbKmw==
  dependencies:
    de-indent "^1.0.2"
    he "^1.2.0"

vuepress-plugin-autometa@^0.1.13:
  version "0.1.13"
  resolved "https://registry.yarnpkg.com/vuepress-plugin-autometa/-/vuepress-plugin-autometa-0.1.13.tgz#44a63e9fefb4feff88c00678d4d2b3d8e413209d"
  integrity sha512-yhd8smLhbCO0+gc3FRNjOyffdGl12gUkv60UqdtEUCojEy4s7APDJ2pt85cSLASMdnWaY7EcMibMRkqeUOVAKg==
  dependencies:
    lodash.defaultsdeep "4.6.1"
    lodash.findindex "4.6.0"
    lodash.isempty "4.4.0"
    lodash.trimend "^4.5.1"
    lodash.trimstart "^4.5.1"
    remove-markdown "0.3.0"
    striptags "3.1.1"

vuepress-plugin-sitemap@^2.3.1:
  version "2.3.1"
  resolved "https://registry.yarnpkg.com/vuepress-plugin-sitemap/-/vuepress-plugin-sitemap-2.3.1.tgz#51298aca77a5de96396fdbd1103e1637dd61ae6a"
  integrity sha512-n+8lbukhrKrsI9H/EX0EBgkE1pn85LAQFvQ5dIvrZP4Kz6JxPOPPNTQmZMhahQV1tXbLZQCEN7A1WZH4x+arJQ==
  dependencies:
    sitemap "^3.0.0"

webidl-conversions@^4.0.2:
  version "4.0.2"
  resolved "https://registry.yarnpkg.com/webidl-conversions/-/webidl-conversions-4.0.2.tgz#a855980b1f0b6b359ba1d5d9fb39ae941faa63ad"
  integrity sha512-YQ+BmxuTgd6UXZW3+ICGfyqRyHXVlD5GtQr5+qjiNW7bF0cqrzX500HVXPBOvgXb5YnzDd+h0zqyv61KUD7+Sg==

whatwg-url@^7.0.0:
  version "7.1.0"
  resolved "https://registry.yarnpkg.com/whatwg-url/-/whatwg-url-7.1.0.tgz#c2c492f1eca612988efd3d2266be1b9fc6170d06"
  integrity sha512-WUu7Rg1DroM7oQvGWfOiAK21n74Gg+T4elXEQYkOhtyLeWiJFoOGLXPKI/9gzIie9CtwVLm8wtw6YJdKyxSjeg==
  dependencies:
    lodash.sortby "^4.7.0"
    tr46 "^1.0.1"
    webidl-conversions "^4.0.2"

xmlbuilder@^13.0.0:
  version "13.0.2"
  resolved "https://registry.yarnpkg.com/xmlbuilder/-/xmlbuilder-13.0.2.tgz#02ae33614b6a047d1c32b5389c1fdacb2bce47a7"
  integrity sha512-Eux0i2QdDYKbdbA6AM6xE4m6ZTZr4G4xF9kahI2ukSEMCzwce2eX9WlTI5J3s+NU7hpasFsr8hWIONae7LluAQ==
